
Microsoft Visual Studio Solution File, Format Version 12.00
# Visual Studio Version 16
VisualStudioVersion = 16.0.32630.194
MinimumVisualStudioVersion = 10.0.40219.1
Project("{FAE04EC0-301F-11D3-BF4B-00C04F79EFBC}") = "PropertiesInAbstractClass", "PropertiesInAbstractClass\PropertiesInAbstractClass.csproj", "{5CBB7277-4628-42AE-A2D1-95FF77BD4E02}"
EndProject
Global
	GlobalSection(SolutionConfigurationPlatforms) = preSolution
		Debug|Any CPU = Debug|Any CPU
		Release|Any CPU = Release|Any CPU
	EndGlobalSection
	GlobalSection(ProjectConfigurationPlatforms) = postSolution
		{5CBB7277-4628-42AE-A2D1-95FF77BD4E02}.Debug|Any CPU.ActiveCfg = Debug|Any CPU
		{5CBB7277-4628-42AE-A2D1-95FF77BD4E02}.Debug|Any CPU.Build.0 = Debug|Any CPU
		{5CBB7277-4628-42AE-A2D1-95FF77BD4E02}.Release|Any CPU.ActiveCfg = Release|Any CPU
		{5CBB7277-4628-42AE-A2D1-95FF77BD4E02}.Release|Any CPU.Build.0 = Release|Any CPU
	EndGlobalSection
	GlobalSection(SolutionProperties) = preSolution
		HideSolutionNode = FALSE
	EndGlobalSection
	GlobalSection(ExtensibilityGlobals) = postSolution
		SolutionGuid = {167D043D-75CF-4AF3-B237-A77B577C1407}
	EndGlobalSection
EndGlobal
