
Microsoft Visual Studio Solution File, Format Version 12.00
# Visual Studio Version 16
VisualStudioVersion = 16.0.32630.194
MinimumVisualStudioVersion = 10.0.40219.1
Project("{FAE04EC0-301F-11D3-BF4B-00C04F79EFBC}") = "Bool", "Bool\Bool.csproj", "{9E0B6D25-82EB-4038-AE09-28BF6790A1FB}"
EndProject
Global
	GlobalSection(SolutionConfigurationPlatforms) = preSolution
		Debug|Any CPU = Debug|Any CPU
		Release|Any CPU = Release|Any CPU
	EndGlobalSection
	GlobalSection(ProjectConfigurationPlatforms) = postSolution
		{9E0B6D25-82EB-4038-AE09-28BF6790A1FB}.Debug|Any CPU.ActiveCfg = Debug|Any CPU
		{9E0B6D25-82EB-4038-AE09-28BF6790A1FB}.Debug|Any CPU.Build.0 = Debug|Any CPU
		{9E0B6D25-82EB-4038-AE09-28BF6790A1FB}.Release|Any CPU.ActiveCfg = Release|Any CPU
		{9E0B6D25-82EB-4038-AE09-28BF6790A1FB}.Release|Any CPU.Build.0 = Release|Any CPU
	EndGlobalSection
	GlobalSection(SolutionProperties) = preSolution
		HideSolutionNode = FALSE
	EndGlobalSection
	GlobalSection(ExtensibilityGlobals) = postSolution
		SolutionGuid = {01ECA296-848F-4A61-8154-D591F886621E}
	EndGlobalSection
EndGlobal
