
Microsoft Visual Studio Solution File, Format Version 12.00
# Visual Studio Version 16
VisualStudioVersion = 16.0.32630.194
MinimumVisualStudioVersion = 10.0.40219.1
Project("{FAE04EC0-301F-11D3-BF4B-00C04F79EFBC}") = "StringSlice", "StringSlice\StringSlice.csproj", "{8E74DDD9-A366-43CA-B36A-3B296FDD3F4E}"
EndProject
Global
	GlobalSection(SolutionConfigurationPlatforms) = preSolution
		Debug|Any CPU = Debug|Any CPU
		Release|Any CPU = Release|Any CPU
	EndGlobalSection
	GlobalSection(ProjectConfigurationPlatforms) = postSolution
		{8E74DDD9-A366-43CA-B36A-3B296FDD3F4E}.Debug|Any CPU.ActiveCfg = Debug|Any CPU
		{8E74DDD9-A366-43CA-B36A-3B296FDD3F4E}.Debug|Any CPU.Build.0 = Debug|Any CPU
		{8E74DDD9-A366-43CA-B36A-3B296FDD3F4E}.Release|Any CPU.ActiveCfg = Release|Any CPU
		{8E74DDD9-A366-43CA-B36A-3B296FDD3F4E}.Release|Any CPU.Build.0 = Release|Any CPU
	EndGlobalSection
	GlobalSection(SolutionProperties) = preSolution
		HideSolutionNode = FALSE
	EndGlobalSection
	GlobalSection(ExtensibilityGlobals) = postSolution
		SolutionGuid = {4533637D-4908-4E43-908B-7C592B8BBF74}
	EndGlobalSection
EndGlobal
