
Microsoft Visual Studio Solution File, Format Version 12.00
# Visual Studio Version 16
VisualStudioVersion = 16.0.32630.194
MinimumVisualStudioVersion = 10.0.40219.1
Project("{FAE04EC0-301F-11D3-BF4B-00C04F79EFBC}") = "TypeCasting", "TypeCasting\TypeCasting.csproj", "{888FDE0A-83D0-419A-8C30-9D667F7DB7D3}"
EndProject
Global
	GlobalSection(SolutionConfigurationPlatforms) = preSolution
		Debug|Any CPU = Debug|Any CPU
		Release|Any CPU = Release|Any CPU
	EndGlobalSection
	GlobalSection(ProjectConfigurationPlatforms) = postSolution
		{888FDE0A-83D0-419A-8C30-9D667F7DB7D3}.Debug|Any CPU.ActiveCfg = Debug|Any CPU
		{888FDE0A-83D0-419A-8C30-9D667F7DB7D3}.Debug|Any CPU.Build.0 = Debug|Any CPU
		{888FDE0A-83D0-419A-8C30-9D667F7DB7D3}.Release|Any CPU.ActiveCfg = Release|Any CPU
		{888FDE0A-83D0-419A-8C30-9D667F7DB7D3}.Release|Any CPU.Build.0 = Release|Any CPU
	EndGlobalSection
	GlobalSection(SolutionProperties) = preSolution
		HideSolutionNode = FALSE
	EndGlobalSection
	GlobalSection(ExtensibilityGlobals) = postSolution
		SolutionGuid = {672508BD-DC27-4226-8407-F5963811A840}
	EndGlobalSection
EndGlobal
