
Microsoft Visual Studio Solution File, Format Version 12.00
# Visual Studio Version 16
VisualStudioVersion = 16.0.32630.194
MinimumVisualStudioVersion = 10.0.40219.1
Project("{FAE04EC0-301F-11D3-BF4B-00C04F79EFBC}") = "Yield", "Yield\Yield.csproj", "{053D0B9C-2B2C-412D-99C4-4893F168E787}"
EndProject
Global
	GlobalSection(SolutionConfigurationPlatforms) = preSolution
		Debug|Any CPU = Debug|Any CPU
		Release|Any CPU = Release|Any CPU
	EndGlobalSection
	GlobalSection(ProjectConfigurationPlatforms) = postSolution
		{053D0B9C-2B2C-412D-99C4-4893F168E787}.Debug|Any CPU.ActiveCfg = Debug|Any CPU
		{053D0B9C-2B2C-412D-99C4-4893F168E787}.Debug|Any CPU.Build.0 = Debug|Any CPU
		{053D0B9C-2B2C-412D-99C4-4893F168E787}.Release|Any CPU.ActiveCfg = Release|Any CPU
		{053D0B9C-2B2C-412D-99C4-4893F168E787}.Release|Any CPU.Build.0 = Release|Any CPU
	EndGlobalSection
	GlobalSection(SolutionProperties) = preSolution
		HideSolutionNode = FALSE
	EndGlobalSection
	GlobalSection(ExtensibilityGlobals) = postSolution
		SolutionGuid = {B861EED6-B0B7-4863-B2E8-37116C3553E4}
	EndGlobalSection
EndGlobal
