
Microsoft Visual Studio Solution File, Format Version 12.00
# Visual Studio Version 16
VisualStudioVersion = 16.0.32630.194
MinimumVisualStudioVersion = 10.0.40219.1
Project("{FAE04EC0-301F-11D3-BF4B-00C04F79EFBC}") = "ForEach", "ForEach\ForEach.csproj", "{7E2A439F-C973-41B4-8BEE-0C977488C95F}"
EndProject
Global
	GlobalSection(SolutionConfigurationPlatforms) = preSolution
		Debug|Any CPU = Debug|Any CPU
		Release|Any CPU = Release|Any CPU
	EndGlobalSection
	GlobalSection(ProjectConfigurationPlatforms) = postSolution
		{7E2A439F-C973-41B4-8BEE-0C977488C95F}.Debug|Any CPU.ActiveCfg = Debug|Any CPU
		{7E2A439F-C973-41B4-8BEE-0C977488C95F}.Debug|Any CPU.Build.0 = Debug|Any CPU
		{7E2A439F-C973-41B4-8BEE-0C977488C95F}.Release|Any CPU.ActiveCfg = Release|Any CPU
		{7E2A439F-C973-41B4-8BEE-0C977488C95F}.Release|Any CPU.Build.0 = Release|Any CPU
	EndGlobalSection
	GlobalSection(SolutionProperties) = preSolution
		HideSolutionNode = FALSE
	EndGlobalSection
	GlobalSection(ExtensibilityGlobals) = postSolution
		SolutionGuid = {A93EFD81-56CC-4A3C-9007-3AE46D0DD867}
	EndGlobalSection
EndGlobal
