
Microsoft Visual Studio Solution File, Format Version 12.00
# Visual Studio Version 16
VisualStudioVersion = 16.0.32630.194
MinimumVisualStudioVersion = 10.0.40219.1
Project("{FAE04EC0-301F-11D3-BF4B-00C04F79EFBC}") = "ParallelLoop", "ParallelLoop\ParallelLoop.csproj", "{4ECBA8A0-E22B-476B-A747-CB7948B0E5E1}"
EndProject
Global
	GlobalSection(SolutionConfigurationPlatforms) = preSolution
		Debug|Any CPU = Debug|Any CPU
		Release|Any CPU = Release|Any CPU
	EndGlobalSection
	GlobalSection(ProjectConfigurationPlatforms) = postSolution
		{4ECBA8A0-E22B-476B-A747-CB7948B0E5E1}.Debug|Any CPU.ActiveCfg = Debug|Any CPU
		{4ECBA8A0-E22B-476B-A747-CB7948B0E5E1}.Debug|Any CPU.Build.0 = Debug|Any CPU
		{4ECBA8A0-E22B-476B-A747-CB7948B0E5E1}.Release|Any CPU.ActiveCfg = Release|Any CPU
		{4ECBA8A0-E22B-476B-A747-CB7948B0E5E1}.Release|Any CPU.Build.0 = Release|Any CPU
	EndGlobalSection
	GlobalSection(SolutionProperties) = preSolution
		HideSolutionNode = FALSE
	EndGlobalSection
	GlobalSection(ExtensibilityGlobals) = postSolution
		SolutionGuid = {B2A96960-D0F0-4E3F-8313-556881C1CD2B}
	EndGlobalSection
EndGlobal
