
Microsoft Visual Studio Solution File, Format Version 12.00
# Visual Studio Version 16
VisualStudioVersion = 16.0.32630.194
MinimumVisualStudioVersion = 10.0.40219.1
Project("{FAE04EC0-301F-11D3-BF4B-00C04F79EFBC}") = "UsingGenericList", "UsingGenericList\UsingGenericList.csproj", "{BFFD9785-A5FA-4B9E-96D9-C19B4D9E4C53}"
EndProject
Global
	GlobalSection(SolutionConfigurationPlatforms) = preSolution
		Debug|Any CPU = Debug|Any CPU
		Release|Any CPU = Release|Any CPU
	EndGlobalSection
	GlobalSection(ProjectConfigurationPlatforms) = postSolution
		{BFFD9785-A5FA-4B9E-96D9-C19B4D9E4C53}.Debug|Any CPU.ActiveCfg = Debug|Any CPU
		{BFFD9785-A5FA-4B9E-96D9-C19B4D9E4C53}.Debug|Any CPU.Build.0 = Debug|Any CPU
		{BFFD9785-A5FA-4B9E-96D9-C19B4D9E4C53}.Release|Any CPU.ActiveCfg = Release|Any CPU
		{BFFD9785-A5FA-4B9E-96D9-C19B4D9E4C53}.Release|Any CPU.Build.0 = Release|Any CPU
	EndGlobalSection
	GlobalSection(SolutionProperties) = preSolution
		HideSolutionNode = FALSE
	EndGlobalSection
	GlobalSection(ExtensibilityGlobals) = postSolution
		SolutionGuid = {0DC00FD6-1E22-4481-AFEF-B620AE44A42D}
	EndGlobalSection
EndGlobal
