
Microsoft Visual Studio Solution File, Format Version 12.00
# Visual Studio Version 16
VisualStudioVersion = 16.0.32630.194
MinimumVisualStudioVersion = 10.0.40219.1
Project("{FAE04EC0-301F-11D3-BF4B-00C04F79EFBC}") = "ArraySample", "ArraySample\ArraySample.csproj", "{8283D7E0-3B6C-4E6A-82B9-45BE6935D0F9}"
EndProject
Global
	GlobalSection(SolutionConfigurationPlatforms) = preSolution
		Debug|Any CPU = Debug|Any CPU
		Release|Any CPU = Release|Any CPU
	EndGlobalSection
	GlobalSection(ProjectConfigurationPlatforms) = postSolution
		{8283D7E0-3B6C-4E6A-82B9-45BE6935D0F9}.Debug|Any CPU.ActiveCfg = Debug|Any CPU
		{8283D7E0-3B6C-4E6A-82B9-45BE6935D0F9}.Debug|Any CPU.Build.0 = Debug|Any CPU
		{8283D7E0-3B6C-4E6A-82B9-45BE6935D0F9}.Release|Any CPU.ActiveCfg = Release|Any CPU
		{8283D7E0-3B6C-4E6A-82B9-45BE6935D0F9}.Release|Any CPU.Build.0 = Release|Any CPU
	EndGlobalSection
	GlobalSection(SolutionProperties) = preSolution
		HideSolutionNode = FALSE
	EndGlobalSection
	GlobalSection(ExtensibilityGlobals) = postSolution
		SolutionGuid = {004B4081-4D8D-4EB3-BA52-140E2A0A5B25}
	EndGlobalSection
EndGlobal
