
Microsoft Visual Studio Solution File, Format Version 12.00
# Visual Studio Version 16
VisualStudioVersion = 16.0.32630.194
MinimumVisualStudioVersion = 10.0.40219.1
Project("{FAE04EC0-301F-11D3-BF4B-00C04F79EFBC}") = "From", "From\From.csproj", "{F053F7D3-1B01-4648-ABE6-04B93F43AB6C}"
EndProject
Global
	GlobalSection(SolutionConfigurationPlatforms) = preSolution
		Debug|Any CPU = Debug|Any CPU
		Release|Any CPU = Release|Any CPU
	EndGlobalSection
	GlobalSection(ProjectConfigurationPlatforms) = postSolution
		{F053F7D3-1B01-4648-ABE6-04B93F43AB6C}.Debug|Any CPU.ActiveCfg = Debug|Any CPU
		{F053F7D3-1B01-4648-ABE6-04B93F43AB6C}.Debug|Any CPU.Build.0 = Debug|Any CPU
		{F053F7D3-1B01-4648-ABE6-04B93F43AB6C}.Release|Any CPU.ActiveCfg = Release|Any CPU
		{F053F7D3-1B01-4648-ABE6-04B93F43AB6C}.Release|Any CPU.Build.0 = Release|Any CPU
	EndGlobalSection
	GlobalSection(SolutionProperties) = preSolution
		HideSolutionNode = FALSE
	EndGlobalSection
	GlobalSection(ExtensibilityGlobals) = postSolution
		SolutionGuid = {14B01AC5-D66D-4579-B0A6-2BAEA186A503}
	EndGlobalSection
EndGlobal
