
Microsoft Visual Studio Solution File, Format Version 12.00
# Visual Studio Version 16
VisualStudioVersion = 16.0.32630.194
MinimumVisualStudioVersion = 10.0.40219.1
Project("{FAE04EC0-301F-11D3-BF4B-00C04F79EFBC}") = "Constructor", "Constructor\Constructor.csproj", "{15871E41-BE06-4298-B230-EBA6E14212F5}"
EndProject
Global
	GlobalSection(SolutionConfigurationPlatforms) = preSolution
		Debug|Any CPU = Debug|Any CPU
		Release|Any CPU = Release|Any CPU
	EndGlobalSection
	GlobalSection(ProjectConfigurationPlatforms) = postSolution
		{15871E41-BE06-4298-B230-EBA6E14212F5}.Debug|Any CPU.ActiveCfg = Debug|Any CPU
		{15871E41-BE06-4298-B230-EBA6E14212F5}.Debug|Any CPU.Build.0 = Debug|Any CPU
		{15871E41-BE06-4298-B230-EBA6E14212F5}.Release|Any CPU.ActiveCfg = Release|Any CPU
		{15871E41-BE06-4298-B230-EBA6E14212F5}.Release|Any CPU.Build.0 = Release|Any CPU
	EndGlobalSection
	GlobalSection(SolutionProperties) = preSolution
		HideSolutionNode = FALSE
	EndGlobalSection
	GlobalSection(ExtensibilityGlobals) = postSolution
		SolutionGuid = {007EC1B2-B479-4341-994C-F4DC4E258CD9}
	EndGlobalSection
EndGlobal
