
Microsoft Visual Studio Solution File, Format Version 12.00
# Visual Studio Version 16
VisualStudioVersion = 16.0.32630.194
MinimumVisualStudioVersion = 10.0.40219.1
Project("{FAE04EC0-301F-11D3-BF4B-00C04F79EFBC}") = "IntegralConversion", "IntegralConversion\IntegralConversion.csproj", "{DA7282B3-52E0-4827-86B9-DB7F77AFC400}"
EndProject
Global
	GlobalSection(SolutionConfigurationPlatforms) = preSolution
		Debug|Any CPU = Debug|Any CPU
		Release|Any CPU = Release|Any CPU
	EndGlobalSection
	GlobalSection(ProjectConfigurationPlatforms) = postSolution
		{DA7282B3-52E0-4827-86B9-DB7F77AFC400}.Debug|Any CPU.ActiveCfg = Debug|Any CPU
		{DA7282B3-52E0-4827-86B9-DB7F77AFC400}.Debug|Any CPU.Build.0 = Debug|Any CPU
		{DA7282B3-52E0-4827-86B9-DB7F77AFC400}.Release|Any CPU.ActiveCfg = Release|Any CPU
		{DA7282B3-52E0-4827-86B9-DB7F77AFC400}.Release|Any CPU.Build.0 = Release|Any CPU
	EndGlobalSection
	GlobalSection(SolutionProperties) = preSolution
		HideSolutionNode = FALSE
	EndGlobalSection
	GlobalSection(ExtensibilityGlobals) = postSolution
		SolutionGuid = {F27122FD-0D99-4013-9259-50365A1B6885}
	EndGlobalSection
EndGlobal
