
Microsoft Visual Studio Solution File, Format Version 12.00
# Visual Studio Version 16
VisualStudioVersion = 16.0.32630.194
MinimumVisualStudioVersion = 10.0.40219.1
Project("{FAE04EC0-301F-11D3-BF4B-00C04F79EFBC}") = "BasicClass", "BasicClass\BasicClass.csproj", "{EE0805F7-5157-467C-9AE1-67B5D023E02B}"
EndProject
Global
	GlobalSection(SolutionConfigurationPlatforms) = preSolution
		Debug|Any CPU = Debug|Any CPU
		Release|Any CPU = Release|Any CPU
	EndGlobalSection
	GlobalSection(ProjectConfigurationPlatforms) = postSolution
		{EE0805F7-5157-467C-9AE1-67B5D023E02B}.Debug|Any CPU.ActiveCfg = Debug|Any CPU
		{EE0805F7-5157-467C-9AE1-67B5D023E02B}.Debug|Any CPU.Build.0 = Debug|Any CPU
		{EE0805F7-5157-467C-9AE1-67B5D023E02B}.Release|Any CPU.ActiveCfg = Release|Any CPU
		{EE0805F7-5157-467C-9AE1-67B5D023E02B}.Release|Any CPU.Build.0 = Release|Any CPU
	EndGlobalSection
	GlobalSection(SolutionProperties) = preSolution
		HideSolutionNode = FALSE
	EndGlobalSection
	GlobalSection(ExtensibilityGlobals) = postSolution
		SolutionGuid = {4C47044E-CEB0-44EE-8C98-2C943B6E6F06}
	EndGlobalSection
EndGlobal
