
Microsoft Visual Studio Solution File, Format Version 12.00
# Visual Studio Version 16
VisualStudioVersion = 16.0.32630.194
MinimumVisualStudioVersion = 10.0.40219.1
Project("{FAE04EC0-301F-11D3-BF4B-00C04F79EFBC}") = "MyException", "MyException\MyException.csproj", "{1E5951D6-9E78-4403-BE12-3554246ADC93}"
EndProject
Global
	GlobalSection(SolutionConfigurationPlatforms) = preSolution
		Debug|Any CPU = Debug|Any CPU
		Release|Any CPU = Release|Any CPU
	EndGlobalSection
	GlobalSection(ProjectConfigurationPlatforms) = postSolution
		{1E5951D6-9E78-4403-BE12-3554246ADC93}.Debug|Any CPU.ActiveCfg = Debug|Any CPU
		{1E5951D6-9E78-4403-BE12-3554246ADC93}.Debug|Any CPU.Build.0 = Debug|Any CPU
		{1E5951D6-9E78-4403-BE12-3554246ADC93}.Release|Any CPU.ActiveCfg = Release|Any CPU
		{1E5951D6-9E78-4403-BE12-3554246ADC93}.Release|Any CPU.Build.0 = Release|Any CPU
	EndGlobalSection
	GlobalSection(SolutionProperties) = preSolution
		HideSolutionNode = FALSE
	EndGlobalSection
	GlobalSection(ExtensibilityGlobals) = postSolution
		SolutionGuid = {948EE500-4ACE-44C7-91A7-760781DB65D6}
	EndGlobalSection
EndGlobal
