
Microsoft Visual Studio Solution File, Format Version 12.00
# Visual Studio Version 16
VisualStudioVersion = 16.0.32630.194
MinimumVisualStudioVersion = 10.0.40219.1
Project("{FAE04EC0-301F-11D3-BF4B-00C04F79EFBC}") = "Goto", "Goto\Goto.csproj", "{398ACAE4-1E0D-46F2-8FDE-09E5D1511161}"
EndProject
Global
	GlobalSection(SolutionConfigurationPlatforms) = preSolution
		Debug|Any CPU = Debug|Any CPU
		Release|Any CPU = Release|Any CPU
	EndGlobalSection
	GlobalSection(ProjectConfigurationPlatforms) = postSolution
		{398ACAE4-1E0D-46F2-8FDE-09E5D1511161}.Debug|Any CPU.ActiveCfg = Debug|Any CPU
		{398ACAE4-1E0D-46F2-8FDE-09E5D1511161}.Debug|Any CPU.Build.0 = Debug|Any CPU
		{398ACAE4-1E0D-46F2-8FDE-09E5D1511161}.Release|Any CPU.ActiveCfg = Release|Any CPU
		{398ACAE4-1E0D-46F2-8FDE-09E5D1511161}.Release|Any CPU.Build.0 = Release|Any CPU
	EndGlobalSection
	GlobalSection(SolutionProperties) = preSolution
		HideSolutionNode = FALSE
	EndGlobalSection
	GlobalSection(ExtensibilityGlobals) = postSolution
		SolutionGuid = {AA4E68B1-568F-4B24-9B10-7BCC73545975}
	EndGlobalSection
EndGlobal
