
Microsoft Visual Studio Solution File, Format Version 12.00
# Visual Studio Version 16
VisualStudioVersion = 16.0.32630.194
MinimumVisualStudioVersion = 10.0.40219.1
Project("{FAE04EC0-301F-11D3-BF4B-00C04F79EFBC}") = "FormSize", "FormSize\FormSize.csproj", "{A9E1559D-512D-4973-B6AA-A76404932ED1}"
EndProject
Global
	GlobalSection(SolutionConfigurationPlatforms) = preSolution
		Debug|Any CPU = Debug|Any CPU
		Release|Any CPU = Release|Any CPU
	EndGlobalSection
	GlobalSection(ProjectConfigurationPlatforms) = postSolution
		{A9E1559D-512D-4973-B6AA-A76404932ED1}.Debug|Any CPU.ActiveCfg = Debug|Any CPU
		{A9E1559D-512D-4973-B6AA-A76404932ED1}.Debug|Any CPU.Build.0 = Debug|Any CPU
		{A9E1559D-512D-4973-B6AA-A76404932ED1}.Release|Any CPU.ActiveCfg = Release|Any CPU
		{A9E1559D-512D-4973-B6AA-A76404932ED1}.Release|Any CPU.Build.0 = Release|Any CPU
	EndGlobalSection
	GlobalSection(SolutionProperties) = preSolution
		HideSolutionNode = FALSE
	EndGlobalSection
	GlobalSection(ExtensibilityGlobals) = postSolution
		SolutionGuid = {47819B84-B9D5-4613-B414-BBCEF566295F}
	EndGlobalSection
EndGlobal
