
Microsoft Visual Studio Solution File, Format Version 12.00
# Visual Studio Version 16
VisualStudioVersion = 16.0.32630.194
MinimumVisualStudioVersion = 10.0.40219.1
Project("{FAE04EC0-301F-11D3-BF4B-00C04F79EFBC}") = "BasicThread", "BasicThread\BasicThread.csproj", "{3D3EB86D-C7CB-423E-B13E-60E03342800E}"
EndProject
Global
	GlobalSection(SolutionConfigurationPlatforms) = preSolution
		Debug|Any CPU = Debug|Any CPU
		Release|Any CPU = Release|Any CPU
	EndGlobalSection
	GlobalSection(ProjectConfigurationPlatforms) = postSolution
		{3D3EB86D-C7CB-423E-B13E-60E03342800E}.Debug|Any CPU.ActiveCfg = Debug|Any CPU
		{3D3EB86D-C7CB-423E-B13E-60E03342800E}.Debug|Any CPU.Build.0 = Debug|Any CPU
		{3D3EB86D-C7CB-423E-B13E-60E03342800E}.Release|Any CPU.ActiveCfg = Release|Any CPU
		{3D3EB86D-C7CB-423E-B13E-60E03342800E}.Release|Any CPU.Build.0 = Release|Any CPU
	EndGlobalSection
	GlobalSection(SolutionProperties) = preSolution
		HideSolutionNode = FALSE
	EndGlobalSection
	GlobalSection(ExtensibilityGlobals) = postSolution
		SolutionGuid = {67DE3010-F283-4C0B-BCF0-1334E4FBF784}
	EndGlobalSection
EndGlobal
