
Microsoft Visual Studio Solution File, Format Version 12.00
# Visual Studio Version 16
VisualStudioVersion = 16.0.32630.194
MinimumVisualStudioVersion = 10.0.40219.1
Project("{FAE04EC0-301F-11D3-BF4B-00C04F79EFBC}") = "FloatConversion", "FloatConversion\FloatConversion.csproj", "{754529F2-31B6-4D05-A7E7-E3C2D93565D8}"
EndProject
Global
	GlobalSection(SolutionConfigurationPlatforms) = preSolution
		Debug|Any CPU = Debug|Any CPU
		Release|Any CPU = Release|Any CPU
	EndGlobalSection
	GlobalSection(ProjectConfigurationPlatforms) = postSolution
		{754529F2-31B6-4D05-A7E7-E3C2D93565D8}.Debug|Any CPU.ActiveCfg = Debug|Any CPU
		{754529F2-31B6-4D05-A7E7-E3C2D93565D8}.Debug|Any CPU.Build.0 = Debug|Any CPU
		{754529F2-31B6-4D05-A7E7-E3C2D93565D8}.Release|Any CPU.ActiveCfg = Release|Any CPU
		{754529F2-31B6-4D05-A7E7-E3C2D93565D8}.Release|Any CPU.Build.0 = Release|Any CPU
	EndGlobalSection
	GlobalSection(SolutionProperties) = preSolution
		HideSolutionNode = FALSE
	EndGlobalSection
	GlobalSection(ExtensibilityGlobals) = postSolution
		SolutionGuid = {9C13F835-1878-4622-BDED-26B33FF2267D}
	EndGlobalSection
EndGlobal
