
Microsoft Visual Studio Solution File, Format Version 12.00
# Visual Studio Version 16
VisualStudioVersion = 16.0.32630.194
MinimumVisualStudioVersion = 10.0.40219.1
Project("{FAE04EC0-301F-11D3-BF4B-00C04F79EFBC}") = "OptionalParameter", "OptionalParameter\OptionalParameter.csproj", "{60E1DB77-C94D-4FAA-A4CE-DC130B1074CD}"
EndProject
Global
	GlobalSection(SolutionConfigurationPlatforms) = preSolution
		Debug|Any CPU = Debug|Any CPU
		Release|Any CPU = Release|Any CPU
	EndGlobalSection
	GlobalSection(ProjectConfigurationPlatforms) = postSolution
		{60E1DB77-C94D-4FAA-A4CE-DC130B1074CD}.Debug|Any CPU.ActiveCfg = Debug|Any CPU
		{60E1DB77-C94D-4FAA-A4CE-DC130B1074CD}.Debug|Any CPU.Build.0 = Debug|Any CPU
		{60E1DB77-C94D-4FAA-A4CE-DC130B1074CD}.Release|Any CPU.ActiveCfg = Release|Any CPU
		{60E1DB77-C94D-4FAA-A4CE-DC130B1074CD}.Release|Any CPU.Build.0 = Release|Any CPU
	EndGlobalSection
	GlobalSection(SolutionProperties) = preSolution
		HideSolutionNode = FALSE
	EndGlobalSection
	GlobalSection(ExtensibilityGlobals) = postSolution
		SolutionGuid = {70C27848-6FC2-445B-829E-421BC77C2723}
	EndGlobalSection
EndGlobal
