
Microsoft Visual Studio Solution File, Format Version 12.00
# Visual Studio Version 16
VisualStudioVersion = 16.0.32630.194
MinimumVisualStudioVersion = 10.0.40219.1
Project("{FAE04EC0-301F-11D3-BF4B-00C04F79EFBC}") = "LogicalOperator", "LogicalOperator\LogicalOperator.csproj", "{59675494-1309-4643-919A-E8EB3B1CF942}"
EndProject
Global
	GlobalSection(SolutionConfigurationPlatforms) = preSolution
		Debug|Any CPU = Debug|Any CPU
		Release|Any CPU = Release|Any CPU
	EndGlobalSection
	GlobalSection(ProjectConfigurationPlatforms) = postSolution
		{59675494-1309-4643-919A-E8EB3B1CF942}.Debug|Any CPU.ActiveCfg = Debug|Any CPU
		{59675494-1309-4643-919A-E8EB3B1CF942}.Debug|Any CPU.Build.0 = Debug|Any CPU
		{59675494-1309-4643-919A-E8EB3B1CF942}.Release|Any CPU.ActiveCfg = Release|Any CPU
		{59675494-1309-4643-919A-E8EB3B1CF942}.Release|Any CPU.Build.0 = Release|Any CPU
	EndGlobalSection
	GlobalSection(SolutionProperties) = preSolution
		HideSolutionNode = FALSE
	EndGlobalSection
	GlobalSection(ExtensibilityGlobals) = postSolution
		SolutionGuid = {6BD62F77-4759-496A-A1E5-611453CF14A6}
	EndGlobalSection
EndGlobal
