
Microsoft Visual Studio Solution File, Format Version 12.00
# Visual Studio Version 16
VisualStudioVersion = 16.0.32630.194
MinimumVisualStudioVersion = 10.0.40219.1
Project("{FAE04EC0-301F-11D3-BF4B-00C04F79EFBC}") = "Overloading", "Overloading\Overloading.csproj", "{2E79F692-0082-4EF4-9AA5-A5DB77A0032A}"
EndProject
Global
	GlobalSection(SolutionConfigurationPlatforms) = preSolution
		Debug|Any CPU = Debug|Any CPU
		Release|Any CPU = Release|Any CPU
	EndGlobalSection
	GlobalSection(ProjectConfigurationPlatforms) = postSolution
		{2E79F692-0082-4EF4-9AA5-A5DB77A0032A}.Debug|Any CPU.ActiveCfg = Debug|Any CPU
		{2E79F692-0082-4EF4-9AA5-A5DB77A0032A}.Debug|Any CPU.Build.0 = Debug|Any CPU
		{2E79F692-0082-4EF4-9AA5-A5DB77A0032A}.Release|Any CPU.ActiveCfg = Release|Any CPU
		{2E79F692-0082-4EF4-9AA5-A5DB77A0032A}.Release|Any CPU.Build.0 = Release|Any CPU
	EndGlobalSection
	GlobalSection(SolutionProperties) = preSolution
		HideSolutionNode = FALSE
	EndGlobalSection
	GlobalSection(ExtensibilityGlobals) = postSolution
		SolutionGuid = {152EA282-1CA7-49A4-B2D6-DD0468E08868}
	EndGlobalSection
EndGlobal
