
Microsoft Visual Studio Solution File, Format Version 12.00
# Visual Studio Version 16
VisualStudioVersion = 16.0.32630.194
MinimumVisualStudioVersion = 10.0.40219.1
Project("{FAE04EC0-301F-11D3-BF4B-00C04F79EFBC}") = "FormAndControl", "FormAndControl\FormAndControl.csproj", "{067CFC84-8407-4B74-A6C5-DA9E4D2AC96E}"
EndProject
Global
	GlobalSection(SolutionConfigurationPlatforms) = preSolution
		Debug|Any CPU = Debug|Any CPU
		Release|Any CPU = Release|Any CPU
	EndGlobalSection
	GlobalSection(ProjectConfigurationPlatforms) = postSolution
		{067CFC84-8407-4B74-A6C5-DA9E4D2AC96E}.Debug|Any CPU.ActiveCfg = Debug|Any CPU
		{067CFC84-8407-4B74-A6C5-DA9E4D2AC96E}.Debug|Any CPU.Build.0 = Debug|Any CPU
		{067CFC84-8407-4B74-A6C5-DA9E4D2AC96E}.Release|Any CPU.ActiveCfg = Release|Any CPU
		{067CFC84-8407-4B74-A6C5-DA9E4D2AC96E}.Release|Any CPU.Build.0 = Release|Any CPU
	EndGlobalSection
	GlobalSection(SolutionProperties) = preSolution
		HideSolutionNode = FALSE
	EndGlobalSection
	GlobalSection(ExtensibilityGlobals) = postSolution
		SolutionGuid = {F21CAA6F-9746-4D5B-AD63-727693938684}
	EndGlobalSection
EndGlobal
