
Microsoft Visual Studio Solution File, Format Version 12.00
# Visual Studio Version 16
VisualStudioVersion = 16.0.32630.194
MinimumVisualStudioVersion = 10.0.40219.1
Project("{FAE04EC0-301F-11D3-BF4B-00C04F79EFBC}") = "NullCoalescing", "NullCoalescing\NullCoalescing.csproj", "{7B1E156C-09C7-450A-8C25-51D55E233F6E}"
EndProject
Global
	GlobalSection(SolutionConfigurationPlatforms) = preSolution
		Debug|Any CPU = Debug|Any CPU
		Release|Any CPU = Release|Any CPU
	EndGlobalSection
	GlobalSection(ProjectConfigurationPlatforms) = postSolution
		{7B1E156C-09C7-450A-8C25-51D55E233F6E}.Debug|Any CPU.ActiveCfg = Debug|Any CPU
		{7B1E156C-09C7-450A-8C25-51D55E233F6E}.Debug|Any CPU.Build.0 = Debug|Any CPU
		{7B1E156C-09C7-450A-8C25-51D55E233F6E}.Release|Any CPU.ActiveCfg = Release|Any CPU
		{7B1E156C-09C7-450A-8C25-51D55E233F6E}.Release|Any CPU.Build.0 = Release|Any CPU
	EndGlobalSection
	GlobalSection(SolutionProperties) = preSolution
		HideSolutionNode = FALSE
	EndGlobalSection
	GlobalSection(ExtensibilityGlobals) = postSolution
		SolutionGuid = {5B5A3D72-C3BF-4811-B77E-7054329A9A75}
	EndGlobalSection
EndGlobal
