
Microsoft Visual Studio Solution File, Format Version 12.00
# Visual Studio Version 16
VisualStudioVersion = 16.0.32630.194
MinimumVisualStudioVersion = 10.0.40219.1
Project("{FAE04EC0-301F-11D3-BF4B-00C04F79EFBC}") = "ForFor", "ForFor\ForFor.csproj", "{EC524F04-A07A-4EBE-888C-3B31905A768E}"
EndProject
Global
	GlobalSection(SolutionConfigurationPlatforms) = preSolution
		Debug|Any CPU = Debug|Any CPU
		Release|Any CPU = Release|Any CPU
	EndGlobalSection
	GlobalSection(ProjectConfigurationPlatforms) = postSolution
		{EC524F04-A07A-4EBE-888C-3B31905A768E}.Debug|Any CPU.ActiveCfg = Debug|Any CPU
		{EC524F04-A07A-4EBE-888C-3B31905A768E}.Debug|Any CPU.Build.0 = Debug|Any CPU
		{EC524F04-A07A-4EBE-888C-3B31905A768E}.Release|Any CPU.ActiveCfg = Release|Any CPU
		{EC524F04-A07A-4EBE-888C-3B31905A768E}.Release|Any CPU.Build.0 = Release|Any CPU
	EndGlobalSection
	GlobalSection(SolutionProperties) = preSolution
		HideSolutionNode = FALSE
	EndGlobalSection
	GlobalSection(ExtensibilityGlobals) = postSolution
		SolutionGuid = {C4B580D6-DB46-4866-909B-88CFE7E7F73D}
	EndGlobalSection
EndGlobal
