
Microsoft Visual Studio Solution File, Format Version 12.00
# Visual Studio Version 16
VisualStudioVersion = 16.0.32630.194
MinimumVisualStudioVersion = 10.0.40219.1
Project("{FAE04EC0-301F-11D3-BF4B-00C04F79EFBC}") = "FloatingPoint", "FloatingPoint\FloatingPoint.csproj", "{171DAE92-EEF0-4B75-AA7A-414B71DD4786}"
EndProject
Global
	GlobalSection(SolutionConfigurationPlatforms) = preSolution
		Debug|Any CPU = Debug|Any CPU
		Release|Any CPU = Release|Any CPU
	EndGlobalSection
	GlobalSection(ProjectConfigurationPlatforms) = postSolution
		{171DAE92-EEF0-4B75-AA7A-414B71DD4786}.Debug|Any CPU.ActiveCfg = Debug|Any CPU
		{171DAE92-EEF0-4B75-AA7A-414B71DD4786}.Debug|Any CPU.Build.0 = Debug|Any CPU
		{171DAE92-EEF0-4B75-AA7A-414B71DD4786}.Release|Any CPU.ActiveCfg = Release|Any CPU
		{171DAE92-EEF0-4B75-AA7A-414B71DD4786}.Release|Any CPU.Build.0 = Release|Any CPU
	EndGlobalSection
	GlobalSection(SolutionProperties) = preSolution
		HideSolutionNode = FALSE
	EndGlobalSection
	GlobalSection(ExtensibilityGlobals) = postSolution
		SolutionGuid = {B823AC3F-4E34-400E-B4ED-4FBD273E9D66}
	EndGlobalSection
EndGlobal
