
Microsoft Visual Studio Solution File, Format Version 12.00
# Visual Studio Version 16
VisualStudioVersion = 16.0.32630.194
MinimumVisualStudioVersion = 10.0.40219.1
Project("{FAE04EC0-301F-11D3-BF4B-00C04F79EFBC}") = "MoreOnArray", "MoreOnArray\MoreOnArray.csproj", "{376F7B02-9222-40DB-9613-4859F693DA4D}"
EndProject
Global
	GlobalSection(SolutionConfigurationPlatforms) = preSolution
		Debug|Any CPU = Debug|Any CPU
		Release|Any CPU = Release|Any CPU
	EndGlobalSection
	GlobalSection(ProjectConfigurationPlatforms) = postSolution
		{376F7B02-9222-40DB-9613-4859F693DA4D}.Debug|Any CPU.ActiveCfg = Debug|Any CPU
		{376F7B02-9222-40DB-9613-4859F693DA4D}.Debug|Any CPU.Build.0 = Debug|Any CPU
		{376F7B02-9222-40DB-9613-4859F693DA4D}.Release|Any CPU.ActiveCfg = Release|Any CPU
		{376F7B02-9222-40DB-9613-4859F693DA4D}.Release|Any CPU.Build.0 = Release|Any CPU
	EndGlobalSection
	GlobalSection(SolutionProperties) = preSolution
		HideSolutionNode = FALSE
	EndGlobalSection
	GlobalSection(ExtensibilityGlobals) = postSolution
		SolutionGuid = {53F6EAD8-E02D-48B1-AAC4-D840BB45622A}
	EndGlobalSection
EndGlobal
